// !$*UTF8*$!
{
	archiveVersion = 1;
	classes = {
	};
	objectVersion = 48;
	objects = {

/* Begin PBXBuildFile section */
		08050AD92021185200E15C86 /* AppDelegate.swift in Sources */ = {isa = PBXBuildFile; fileRef = 08050AD82021185200E15C86 /* AppDelegate.swift */; };
		08050ADB2021185200E15C86 /* ViewController.swift in Sources */ = {isa = PBXBuildFile; fileRef = 08050ADA2021185200E15C86 /* ViewController.swift */; };
		08050ADE2021185200E15C86 /* Main.storyboard in Resources */ = {isa = PBXBuildFile; fileRef = 08050ADC2021185200E15C86 /* Main.storyboard */; };
		08050AE02021185200E15C86 /* Assets.xcassets in Resources */ = {isa = PBXBuildFile; fileRef = 08050ADF2021185200E15C86 /* Assets.xcassets */; };
		08050AE32021185200E15C86 /* LaunchScreen.storyboard in Resources */ = {isa = PBXBuildFile; fileRef = 08050AE12021185200E15C86 /* LaunchScreen.storyboard */; };
		08D10F6820237730000C86DB /* MyTableVC.swift in Sources */ = {isa = PBXBuildFile; fileRef = 08D10F6620237730000C86DB /* MyTableVC.swift */; };
		08D10F6920237730000C86DB /* MyTableVC.xib in Resources */ = {isa = PBXBuildFile; fileRef = 08D10F6720237730000C86DB /* MyTableVC.xib */; };
		6CEBBC994BC8FC96581B9CEC /* Pods_RXSwiftSample.framework in Frameworks */ = {isa = PBXBuildFile; fileRef = 04E1936C50A36429511ED3E4 /* Pods_RXSwiftSample.framework */; };
/* End PBXBuildFile section */

/* Begin PBXFileReference section */
		04E1936C50A36429511ED3E4 /* Pods_RXSwiftSample.framework */ = {isa = PBXFileReference; explicitFileType = wrapper.framework; includeInIndex = 0; path = Pods_RXSwiftSample.framework; sourceTree = BUILT_PRODUCTS_DIR; };
		05AA1A21C2ACA382C5082F88 /* Pods-RXSwiftSample.debug.xcconfig */ = {isa = PBXFileReference; includeInIndex = 1; lastKnownFileType = text.xcconfig; name = "Pods-RXSwiftSample.debug.xcconfig"; path = "Pods/Target Support Files/Pods-RXSwiftSample/Pods-RXSwiftSample.debug.xcconfig"; sourceTree = "<group>"; };
		08050AD52021185200E15C86 /* RXSwiftSample.app */ = {isa = PBXFileReference; explicitFileType = wrapper.application; includeInIndex = 0; path = RXSwiftSample.app; sourceTree = BUILT_PRODUCTS_DIR; };
		08050AD82021185200E15C86 /* AppDelegate.swift */ = {isa = PBXFileReference; lastKnownFileType = sourcecode.swift; path = AppDelegate.swift; sourceTree = "<group>"; };
		08050ADA2021185200E15C86 /* ViewController.swift */ = {isa = PBXFileReference; lastKnownFileType = sourcecode.swift; path = ViewController.swift; sourceTree = "<group>"; };
		08050ADD2021185200E15C86 /* Base */ = {isa = PBXFileReference; lastKnownFileType = file.storyboard; name = Base; path = Base.lproj/Main.storyboard; sourceTree = "<group>"; };
		08050ADF2021185200E15C86 /* Assets.xcassets */ = {isa = PBXFileReference; lastKnownFileType = folder.assetcatalog; path = Assets.xcassets; sourceTree = "<group>"; };
		08050AE22021185200E15C86 /* Base */ = {isa = PBXFileReference; lastKnownFileType = file.storyboard; name = Base; path = Base.lproj/LaunchScreen.storyboard; sourceTree = "<group>"; };
		08050AE42021185200E15C86 /* Info.plist */ = {isa = PBXFileReference; lastKnownFileType = text.plist.xml; path = Info.plist; sourceTree = "<group>"; };
		08D10F6620237730000C86DB /* MyTableVC.swift */ = {isa = PBXFileReference; lastKnownFileType = sourcecode.swift; path = MyTableVC.swift; sourceTree = "<group>"; };
		08D10F6720237730000C86DB /* MyTableVC.xib */ = {isa = PBXFileReference; lastKnownFileType = file.xib; path = MyTableVC.xib; sourceTree = "<group>"; };
		C511B6E509455AC93A7C8161 /* Pods-RXSwiftSample.release.xcconfig */ = {isa = PBXFileReference; includeInIndex = 1; lastKnownFileType = text.xcconfig; name = "Pods-RXSwiftSample.release.xcconfig"; path = "Pods/Target Support Files/Pods-RXSwiftSample/Pods-RXSwiftSample.release.xcconfig"; sourceTree = "<group>"; };
/* End PBXFileReference section */

/* Begin PBXFrameworksBuildPhase section */
		08050AD22021185200E15C86 /* Frameworks */ = {
			isa = PBXFrameworksBuildPhase;
			buildActionMask = 2147483647;
			files = (
				6CEBBC994BC8FC96581B9CEC /* Pods_RXSwiftSample.framework in Frameworks */,
			);
			runOnlyForDeploymentPostprocessing = 0;
		};
/* End PBXFrameworksBuildPhase section */

/* Begin PBXGroup section */
		08050ACC2021185200E15C86 = {
			isa = PBXGroup;
			children = (
				08050AD72021185200E15C86 /* RXSwiftSample */,
				08050AD62021185200E15C86 /* Products */,
				FFD1B7641E4EB4E93CE4585B /* Pods */,
				61D2B3453D5C8705899FDA15 /* Frameworks */,
			);
			sourceTree = "<group>";
		};
		08050AD62021185200E15C86 /* Products */ = {
			isa = PBXGroup;
			children = (
				08050AD52021185200E15C86 /* RXSwiftSample.app */,
			);
			name = Products;
			sourceTree = "<group>";
		};
		08050AD72021185200E15C86 /* RXSwiftSample */ = {
			isa = PBXGroup;
			children = (
				08050AD82021185200E15C86 /* AppDelegate.swift */,
				08050ADA2021185200E15C86 /* ViewController.swift */,
				08050ADC2021185200E15C86 /* Main.storyboard */,
				08050ADF2021185200E15C86 /* Assets.xcassets */,
				08050AE12021185200E15C86 /* LaunchScreen.storyboard */,
				08050AE42021185200E15C86 /* Info.plist */,
				08D10F6620237730000C86DB /* MyTableVC.swift */,
				08D10F6720237730000C86DB /* MyTableVC.xib */,
			);
			path = RXSwiftSample;
			sourceTree = "<group>";
		};
		61D2B3453D5C8705899FDA15 /* Frameworks */ = {
			isa = PBXGroup;
			children = (
				04E1936C50A36429511ED3E4 /* Pods_RXSwiftSample.framework */,
			);
			name = Frameworks;
			sourceTree = "<group>";
		};
		FFD1B7641E4EB4E93CE4585B /* Pods */ = {
			isa = PBXGroup;
			children = (
				05AA1A21C2ACA382C5082F88 /* Pods-RXSwiftSample.debug.xcconfig */,
				C511B6E509455AC93A7C8161 /* Pods-RXSwiftSample.release.xcconfig */,
			);
			name = Pods;
			sourceTree = "<group>";
		};
/* End PBXGroup section */

/* Begin PBXNativeTarget section */
		08050AD42021185200E15C86 /* RXSwiftSample */ = {
			isa = PBXNativeTarget;
			buildConfigurationList = 08050AE72021185200E15C86 /* Build configuration list for PBXNativeTarget "RXSwiftSample" */;
			buildPhases = (
				0F3CAA473472C74A460E9B81 /* [CP] Check Pods Manifest.lock */,
				08050AD12021185200E15C86 /* Sources */,
				08050AD22021185200E15C86 /* Frameworks */,
				08050AD32021185200E15C86 /* Resources */,
				92EB31C6C93EB87557255C32 /* [CP] Embed Pods Frameworks */,
				785D0D536891CCC930D915FA /* [CP] Copy Pods Resources */,
			);
			buildRules = (
			);
			dependencies = (
			);
			name = RXSwiftSample;
			productName = RXSwiftSample;
			productReference = 08050AD52021185200E15C86 /* RXSwiftSample.app */;
			productType = "com.apple.product-type.application";
		};
/* End PBXNativeTarget section */

/* Begin PBXProject section */
		08050ACD2021185200E15C86 /* Project object */ = {
			isa = PBXProject;
			attributes = {
				LastSwiftUpdateCheck = 0920;
				LastUpgradeCheck = 0920;
				ORGANIZATIONNAME = "Alexander Moller";
				TargetAttributes = {
					08050AD42021185200E15C86 = {
						CreatedOnToolsVersion = 9.2;
						ProvisioningStyle = Automatic;
					};
				};
			};
			buildConfigurationList = 08050AD02021185200E15C86 /* Build configuration list for PBXProject "RXSwiftSample" */;
			compatibilityVersion = "Xcode 8.0";
			developmentRegion = en;
			hasScannedForEncodings = 0;
			knownRegions = (
				en,
				Base,
			);
			mainGroup = 08050ACC2021185200E15C86;
			productRefGroup = 08050AD62021185200E15C86 /* Products */;
			projectDirPath = "";
			projectRoot = "";
			targets = (
				08050AD42021185200E15C86 /* RXSwiftSample */,
			);
		};
/* End PBXProject section */

/* Begin PBXResourcesBuildPhase section */
		08050AD32021185200E15C86 /* Resources */ = {
			isa = PBXResourcesBuildPhase;
			buildActionMask = 2147483647;
			files = (
				08050AE32021185200E15C86 /* LaunchScreen.storyboard in Resources */,
				08D10F6920237730000C86DB /* MyTableVC.xib in Resources */,
				08050AE02021185200E15C86 /* Assets.xcassets in Resources */,
				08050ADE2021185200E15C86 /* Main.storyboard in Resources */,
			);
			runOnlyForDeploymentPostprocessing = 0;
		};
/* End PBXResourcesBuildPhase section */

/* Begin PBXShellScriptBuildPhase section */
		0F3CAA473472C74A460E9B81 /* [CP] Check Pods Manifest.lock */ = {
			isa = PBXShellScriptBuildPhase;
			buildActionMask = 2147483647;
			files = (
			);
			inputPaths = (
				"${PODS_PODFILE_DIR_PATH}/Podfile.lock",
				"${PODS_ROOT}/Manifest.lock",
			);
			name = "[CP] Check Pods Manifest.lock";
			outputPaths = (
				"$(DERIVED_FILE_DIR)/Pods-RXSwiftSample-checkManifestLockResult.txt",
			);
			runOnlyForDeploymentPostprocessing = 0;
			shellPath = /bin/sh;
			shellScript = "diff \"${PODS_PODFILE_DIR_PATH}/Podfile.lock\" \"${PODS_ROOT}/Manifest.lock\" > /dev/null\nif [ $? != 0 ] ; then\n    # print error to STDERR\n    echo \"error: The sandbox is not in sync with the Podfile.lock. Run 'pod install' or update your CocoaPods installation.\" >&2\n    exit 1\nfi\n# This output is used by Xcode 'outputs' to avoid re-running this script phase.\necho \"SUCCESS\" > \"${SCRIPT_OUTPUT_FILE_0}\"\n";
			showEnvVarsInLog = 0;
		};
		785D0D536891CCC930D915FA /* [CP] Copy Pods Resources */ = {
			isa = PBXShellScriptBuildPhase;
			buildActionMask = 2147483647;
			files = (
			);
			inputPaths = (
			);
			name = "[CP] Copy Pods Resources";
			outputPaths = (
			);
			runOnlyForDeploymentPostprocessing = 0;
			shellPath = /bin/sh;
			shellScript = "\"${SRCROOT}/Pods/Target Support Files/Pods-RXSwiftSample/Pods-RXSwiftSample-resources.sh\"\n";
			showEnvVarsInLog = 0;
		};
		92EB31C6C93EB87557255C32 /* [CP] Embed Pods Frameworks */ = {
			isa = PBXShellScriptBuildPhase;
			buildActionMask = 2147483647;
			files = (
			);
			inputPaths = (
				"${SRCROOT}/Pods/Target Support Files/Pods-RXSwiftSample/Pods-RXSwiftSample-frameworks.sh",
				"${BUILT_PRODUCTS_DIR}/RxCocoa/RxCocoa.framework",
				"${BUILT_PRODUCTS_DIR}/RxSwift/RxSwift.framework",
			);
			name = "[CP] Embed Pods Frameworks";
			outputPaths = (
				"${TARGET_BUILD_DIR}/${FRAMEWORKS_FOLDER_PATH}/RxCocoa.framework",
				"${TARGET_BUILD_DIR}/${FRAMEWORKS_FOLDER_PATH}/RxSwift.framework",
			);
			runOnlyForDeploymentPostprocessing = 0;
			shellPath = /bin/sh;
			shellScript = "\"${SRCROOT}/Pods/Target Support Files/Pods-RXSwiftSample/Pods-RXSwiftSample-frameworks.sh\"\n";
			showEnvVarsInLog = 0;
		};
/* End PBXShellScriptBuildPhase section */

/* Begin PBXSourcesBuildPhase section */
		08050AD12021185200E15C86 /* Sources */ = {
			isa = PBXSourcesBuildPhase;
			buildActionMask = 2147483647;
			files = (
				08050ADB2021185200E15C86 /* ViewController.swift in Sources */,
				08050AD92021185200E15C86 /* AppDelegate.swift in Sources */,
				08D10F6820237730000C86DB /* MyTableVC.swift in Sources */,
			);
			runOnlyForDeploymentPostprocessing = 0;
		};
/* End PBXSourcesBuildPhase section */

/* Begin PBXVariantGroup section */
		08050ADC2021185200E15C86 /* Main.storyboard */ = {
			isa = PBXVariantGroup;
			children = (
				08050ADD2021185200E15C86 /* Base */,
			);
			name = Main.storyboard;
			sourceTree = "<group>";
		};
		08050AE12021185200E15C86 /* LaunchScreen.storyboard */ = {
			isa = PBXVariantGroup;
			children = (
				08050AE22021185200E15C86 /* Base */,
			);
			name = LaunchScreen.storyboard;
			sourceTree = "<group>";
		};
/* End PBXVariantGroup section */

/* Begin XCBuildConfiguration section */
		08050AE52021185200E15C86 /* Debug */ = {
			isa = XCBuildConfiguration;
			buildSettings = {
				ALWAYS_SEARCH_USER_PATHS = NO;
				CLANG_ANALYZER_NONNULL = YES;
				CLANG_ANALYZER_NUMBER_OBJECT_CONVERSION = YES_AGGRESSIVE;
				CLANG_CXX_LANGUAGE_STANDARD = "gnu++14";
				CLANG_CXX_LIBRARY = "libc++";
				CLANG_ENABLE_MODULES = YES;
				CLANG_ENABLE_OBJC_ARC = YES;
				CLANG_WARN_BLOCK_CAPTURE_AUTORELEASING = YES;
				CLANG_WARN_BOOL_CONVERSION = YES;
				CLANG_WARN_COMMA = YES;
				CLANG_WARN_CONSTANT_CONVERSION = YES;
				CLANG_WARN_DIRECT_OBJC_ISA_USAGE = YES_ERROR;
				CLANG_WARN_DOCUMENTATION_COMMENTS = YES;
				CLANG_WARN_EMPTY_BODY = YES;
				CLANG_WARN_ENUM_CONVERSION = YES;
				CLANG_WARN_INFINITE_RECURSION = YES;
				CLANG_WARN_INT_CONVERSION = YES;
				CLANG_WARN_NON_LITERAL_NULL_CONVERSION = YES;
				CLANG_WARN_OBJC_LITERAL_CONVERSION = YES;
				CLANG_WARN_OBJC_ROOT_CLASS = YES_ERROR;
				CLANG_WARN_RANGE_LOOP_ANALYSIS = YES;
				CLANG_WARN_STRICT_PROTOTYPES = YES;
				CLANG_WARN_SUSPICIOUS_MOVE = YES;
				CLANG_WARN_UNGUARDED_AVAILABILITY = YES_AGGRESSIVE;
				CLANG_WARN_UNREACHABLE_CODE = YES;
				CLANG_WARN__DUPLICATE_METHOD_MATCH = YES;
				CODE_SIGN_IDENTITY = "iPhone Developer";
				COPY_PHASE_STRIP = NO;
				DEBUG_INFORMATION_FORMAT = dwarf;
				ENABLE_STRICT_OBJC_MSGSEND = YES;
				ENABLE_TESTABILITY = YES;
				GCC_C_LANGUAGE_STANDARD = gnu11;
				GCC_DYNAMIC_NO_PIC = NO;
				GCC_NO_COMMON_BLOCKS = YES;
				GCC_OPTIMIZATION_LEVEL = 0;
				GCC_PREPROCESSOR_DEFINITIONS = (
					"DEBUG=1",
					"$(inherited)",
				);
				GCC_WARN_64_TO_32_BIT_CONVERSION = YES;
				GCC_WARN_ABOUT_RETURN_TYPE = YES_ERROR;
				GCC_WARN_UNDECLARED_SELECTOR = YES;
				GCC_WARN_UNINITIALIZED_AUTOS = YES_AGGRESSIVE;
				GCC_WARN_UNUSED_FUNCTION = YES;
				GCC_WARN_UNUSED_VARIABLE = YES;
				IPHONEOS_DEPLOYMENT_TARGET = 11.2;
				MTL_ENABLE_DEBUG_INFO = YES;
				ONLY_ACTIVE_ARCH = YES;
				SDKROOT = iphoneos;
				SWIFT_ACTIVE_COMPILATION_CONDITIONS = DEBUG;
				SWIFT_OPTIMIZATION_LEVEL = "-Onone";
			};
			name = Debug;
		};
		08050AE62021185200E15C86 /* Release */ = {
			isa = XCBuildConfiguration;
			buildSettings = {
				ALWAYS_SEARCH_USER_PATHS = NO;
				CLANG_ANALYZER_NONNULL = YES;
				CLANG_ANALYZER_NUMBER_OBJECT_CONVERSION = YES_AGGRESSIVE;
				CLANG_CXX_LANGUAGE_STANDARD = "gnu++14";
				CLANG_CXX_LIBRARY = "libc++";
				CLANG_ENABLE_MODULES = YES;
				CLANG_ENABLE_OBJC_ARC = YES;
				CLANG_WARN_BLOCK_CAPTURE_AUTORELEASING = YES;
				CLANG_WARN_BOOL_CONVERSION = YES;
				CLANG_WARN_COMMA = YES;
				CLANG_WARN_CONSTANT_CONVERSION = YES;
				CLANG_WARN_DIRECT_OBJC_ISA_USAGE = YES_ERROR;
				CLANG_WARN_DOCUMENTATION_COMMENTS = YES;
				CLANG_WARN_EMPTY_BODY = YES;
				CLANG_WARN_ENUM_CONVERSION = YES;
				CLANG_WARN_INFINITE_RECURSION = YES;
				CLANG_WARN_INT_CONVERSION = YES;
				CLANG_WARN_NON_LITERAL_NULL_CONVERSION = YES;
				CLANG_WARN_OBJC_LITERAL_CONVERSION = YES;
				CLANG_WARN_OBJC_ROOT_CLASS = YES_ERROR;
				CLANG_WARN_RANGE_LOOP_ANALYSIS = YES;
				CLANG_WARN_STRICT_PROTOTYPES = YES;
				CLANG_WARN_SUSPICIOUS_MOVE = YES;
				CLANG_WARN_UNGUARDED_AVAILABILITY = YES_AGGRESSIVE;
				CLANG_WARN_UNREACHABLE_CODE = YES;
				CLANG_WARN__DUPLICATE_METHOD_MATCH = YES;
				CODE_SIGN_IDENTITY = "iPhone Developer";
				COPY_PHASE_STRIP = NO;
				DEBUG_INFORMATION_FORMAT = "dwarf-with-dsym";
				ENABLE_NS_ASSERTIONS = NO;
				ENABLE_STRICT_OBJC_MSGSEND = YES;
				GCC_C_LANGUAGE_STANDARD = gnu11;
				GCC_NO_COMMON_BLOCKS = YES;
				GCC_WARN_64_TO_32_BIT_CONVERSION = YES;
				GCC_WARN_ABOUT_RETURN_TYPE = YES_ERROR;
				GCC_WARN_UNDECLARED_SELECTOR = YES;
				GCC_WARN_UNINITIALIZED_AUTOS = YES_AGGRESSIVE;
				GCC_WARN_UNUSED_FUNCTION = YES;
				GCC_WARN_UNUSED_VARIABLE = YES;
				IPHONEOS_DEPLOYMENT_TARGET = 11.2;
				MTL_ENABLE_DEBUG_INFO = NO;
				SDKROOT = iphoneos;
				SWIFT_OPTIMIZATION_LEVEL = "-Owholemodule";
				VALIDATE_PRODUCT = YES;
			};
			name = Release;
		};
		08050AE82021185200E15C86 /* Debug */ = {
			isa = XCBuildConfiguration;
			baseConfigurationReference = 05AA1A21C2ACA382C5082F88 /* Pods-RXSwiftSample.debug.xcconfig */;
			buildSettings = {
				ASSETCATALOG_COMPILER_APPICON_NAME = AppIcon;
				CODE_SIGN_STYLE = Automatic;
				DEVELOPMENT_TEAM = 5FQ9C6KXWU;
				INFOPLIST_FILE = RXSwiftSample/Info.plist;
				LD_RUNPATH_SEARCH_PATHS = "$(inherited) @executable_path/Frameworks";
				PRODUCT_BUNDLE_IDENTIFIER = Talkspace.RXSwiftSample;
				PRODUCT_NAME = "$(TARGET_NAME)";
				SWIFT_VERSION = 4.0;
				TARGETED_DEVICE_FAMILY = "1,2";
			};
			name = Debug;
		};
		08050AE92021185200E15C86 /* Release */ = {
			isa = XCBuildConfiguration;
			baseConfigurationReference = C511B6E509455AC93A7C8161 /* Pods-RXSwiftSample.release.xcconfig */;
			buildSettings = {
				ASSETCATALOG_COMPILER_APPICON_NAME = AppIcon;
				CODE_SIGN_STYLE = Automatic;
				DEVELOPMENT_TEAM = 5FQ9C6KXWU;
				INFOPLIST_FILE = RXSwiftSample/Info.plist;
				LD_RUNPATH_SEARCH_PATHS = "$(inherited) @executable_path/Frameworks";
				PRODUCT_BUNDLE_IDENTIFIER = Talkspace.RXSwiftSample;
				PRODUCT_NAME = "$(TARGET_NAME)";
				SWIFT_VERSION = 4.0;
				TARGETED_DEVICE_FAMILY = "1,2";
			};
			name = Release;
		};
/* End XCBuildConfiguration section */

/* Begin XCConfigurationList section */
		08050AD02021185200E15C86 /* Build configuration list for PBXProject "RXSwiftSample" */ = {
			isa = XCConfigurationList;
			buildConfigurations = (
				08050AE52021185200E15C86 /* Debug */,
				08050AE62021185200E15C86 /* Release */,
			);
			defaultConfigurationIsVisible = 0;
			defaultConfigurationName = Release;
		};
		08050AE72021185200E15C86 /* Build configuration list for PBXNativeTarget "RXSwiftSample" */ = {
			isa = XCConfigurationList;
			buildConfigurations = (
				08050AE82021185200E15C86 /* Debug */,
				08050AE92021185200E15C86 /* Release */,
			);
			defaultConfigurationIsVisible = 0;
			defaultConfigurationName = Release;
		};
/* End XCConfigurationList section */
	};
	rootObject = 08050ACD2021185200E15C86 /* Project object */;
}
